
Microsoft Visual Studio Solution File, Format Version 12.00
# Visual Studio Version 17
VisualStudioVersion = 17.11.35222.181
MinimumVisualStudioVersion = 10.0.40219.1
Project("{FAE04EC0-301F-11D3-BF4B-00C04F79EFBC}") = "CASD_Task23", "CASD_Task23\CASD_Task23.csproj", "{E72253D9-C1F7-4CB3-BB7E-A1234AC02533}"
EndProject
Global
	GlobalSection(SolutionConfigurationPlatforms) = preSolution
		Debug|Any CPU = Debug|Any CPU
		Release|Any CPU = Release|Any CPU
	EndGlobalSection
	GlobalSection(ProjectConfigurationPlatforms) = postSolution
		{E72253D9-C1F7-4CB3-BB7E-A1234AC02533}.Debug|Any CPU.ActiveCfg = Debug|Any CPU
		{E72253D9-C1F7-4CB3-BB7E-A1234AC02533}.Debug|Any CPU.Build.0 = Debug|Any CPU
		{E72253D9-C1F7-4CB3-BB7E-A1234AC02533}.Release|Any CPU.ActiveCfg = Release|Any CPU
		{E72253D9-C1F7-4CB3-BB7E-A1234AC02533}.Release|Any CPU.Build.0 = Release|Any CPU
	EndGlobalSection
	GlobalSection(SolutionProperties) = preSolution
		HideSolutionNode = FALSE
	EndGlobalSection
	GlobalSection(ExtensibilityGlobals) = postSolution
		SolutionGuid = {9B00AED0-3B48-436E-8BBB-6F9D410E6E7A}
	EndGlobalSection
EndGlobal
