
Microsoft Visual Studio Solution File, Format Version 12.00
# Visual Studio Version 17
VisualStudioVersion = 17.11.35222.181
MinimumVisualStudioVersion = 10.0.40219.1
Project("{FAE04EC0-301F-11D3-BF4B-00C04F79EFBC}") = "CASD_Task4", "CASD_Task4\CASD_Task4.csproj", "{0584EFF1-48FB-4534-BD1B-786F19F36626}"
EndProject
Global
	GlobalSection(SolutionConfigurationPlatforms) = preSolution
		Debug|Any CPU = Debug|Any CPU
		Release|Any CPU = Release|Any CPU
	EndGlobalSection
	GlobalSection(ProjectConfigurationPlatforms) = postSolution
		{0584EFF1-48FB-4534-BD1B-786F19F36626}.Debug|Any CPU.ActiveCfg = Debug|Any CPU
		{0584EFF1-48FB-4534-BD1B-786F19F36626}.Debug|Any CPU.Build.0 = Debug|Any CPU
		{0584EFF1-48FB-4534-BD1B-786F19F36626}.Release|Any CPU.ActiveCfg = Release|Any CPU
		{0584EFF1-48FB-4534-BD1B-786F19F36626}.Release|Any CPU.Build.0 = Release|Any CPU
	EndGlobalSection
	GlobalSection(SolutionProperties) = preSolution
		HideSolutionNode = FALSE
	EndGlobalSection
	GlobalSection(ExtensibilityGlobals) = postSolution
		SolutionGuid = {045777B0-17CD-4458-9DAD-ACF01298BAE6}
	EndGlobalSection
EndGlobal
