
Microsoft Visual Studio Solution File, Format Version 12.00
# Visual Studio Version 17
VisualStudioVersion = 17.11.35222.181
MinimumVisualStudioVersion = 10.0.40219.1
Project("{FAE04EC0-301F-11D3-BF4B-00C04F79EFBC}") = "CASD_Task6", "CASD_Task6\CASD_Task6.csproj", "{EB08189D-4D44-4217-BC0E-06CC6F58258A}"
EndProject
Global
	GlobalSection(SolutionConfigurationPlatforms) = preSolution
		Debug|Any CPU = Debug|Any CPU
		Release|Any CPU = Release|Any CPU
	EndGlobalSection
	GlobalSection(ProjectConfigurationPlatforms) = postSolution
		{EB08189D-4D44-4217-BC0E-06CC6F58258A}.Debug|Any CPU.ActiveCfg = Debug|Any CPU
		{EB08189D-4D44-4217-BC0E-06CC6F58258A}.Debug|Any CPU.Build.0 = Debug|Any CPU
		{EB08189D-4D44-4217-BC0E-06CC6F58258A}.Release|Any CPU.ActiveCfg = Release|Any CPU
		{EB08189D-4D44-4217-BC0E-06CC6F58258A}.Release|Any CPU.Build.0 = Release|Any CPU
	EndGlobalSection
	GlobalSection(SolutionProperties) = preSolution
		HideSolutionNode = FALSE
	EndGlobalSection
	GlobalSection(ExtensibilityGlobals) = postSolution
		SolutionGuid = {529CF50A-389D-4750-8415-D8567018584C}
	EndGlobalSection
EndGlobal
