
Microsoft Visual Studio Solution File, Format Version 12.00
# Visual Studio Version 17
VisualStudioVersion = 17.11.35222.181
MinimumVisualStudioVersion = 10.0.40219.1
Project("{FAE04EC0-301F-11D3-BF4B-00C04F79EFBC}") = "CASD_Task21", "CASD_Task21\CASD_Task21.csproj", "{FBEDB698-C24A-4332-ACB5-A6C8FE6E5479}"
EndProject
Global
	GlobalSection(SolutionConfigurationPlatforms) = preSolution
		Debug|Any CPU = Debug|Any CPU
		Release|Any CPU = Release|Any CPU
	EndGlobalSection
	GlobalSection(ProjectConfigurationPlatforms) = postSolution
		{FBEDB698-C24A-4332-ACB5-A6C8FE6E5479}.Debug|Any CPU.ActiveCfg = Debug|Any CPU
		{FBEDB698-C24A-4332-ACB5-A6C8FE6E5479}.Debug|Any CPU.Build.0 = Debug|Any CPU
		{FBEDB698-C24A-4332-ACB5-A6C8FE6E5479}.Release|Any CPU.ActiveCfg = Release|Any CPU
		{FBEDB698-C24A-4332-ACB5-A6C8FE6E5479}.Release|Any CPU.Build.0 = Release|Any CPU
	EndGlobalSection
	GlobalSection(SolutionProperties) = preSolution
		HideSolutionNode = FALSE
	EndGlobalSection
	GlobalSection(ExtensibilityGlobals) = postSolution
		SolutionGuid = {C73E7F3C-A561-4C82-A459-2FC98E9E7681}
	EndGlobalSection
EndGlobal
