
Microsoft Visual Studio Solution File, Format Version 12.00
# Visual Studio Version 17
VisualStudioVersion = 17.11.35222.181
MinimumVisualStudioVersion = 10.0.40219.1
Project("{FAE04EC0-301F-11D3-BF4B-00C04F79EFBC}") = "CASD_Task24", "CASD_Task24\CASD_Task24.csproj", "{F8B7AA9C-B8CE-4B4A-8D0C-AC081E1E1E6E}"
EndProject
Global
	GlobalSection(SolutionConfigurationPlatforms) = preSolution
		Debug|Any CPU = Debug|Any CPU
		Release|Any CPU = Release|Any CPU
	EndGlobalSection
	GlobalSection(ProjectConfigurationPlatforms) = postSolution
		{F8B7AA9C-B8CE-4B4A-8D0C-AC081E1E1E6E}.Debug|Any CPU.ActiveCfg = Debug|Any CPU
		{F8B7AA9C-B8CE-4B4A-8D0C-AC081E1E1E6E}.Debug|Any CPU.Build.0 = Debug|Any CPU
		{F8B7AA9C-B8CE-4B4A-8D0C-AC081E1E1E6E}.Release|Any CPU.ActiveCfg = Release|Any CPU
		{F8B7AA9C-B8CE-4B4A-8D0C-AC081E1E1E6E}.Release|Any CPU.Build.0 = Release|Any CPU
	EndGlobalSection
	GlobalSection(SolutionProperties) = preSolution
		HideSolutionNode = FALSE
	EndGlobalSection
	GlobalSection(ExtensibilityGlobals) = postSolution
		SolutionGuid = {3023B10B-2B3A-4356-A3A6-D7B36F4E8E1E}
	EndGlobalSection
EndGlobal
