
Microsoft Visual Studio Solution File, Format Version 12.00
# Visual Studio Version 17
VisualStudioVersion = 17.11.35222.181
MinimumVisualStudioVersion = 10.0.40219.1
Project("{FAE04EC0-301F-11D3-BF4B-00C04F79EFBC}") = "CASD_Task8", "CASD_Task8\CASD_Task8.csproj", "{11556CCC-642C-4157-B0E2-D73DEEDDB009}"
EndProject
Global
	GlobalSection(SolutionConfigurationPlatforms) = preSolution
		Debug|Any CPU = Debug|Any CPU
		Release|Any CPU = Release|Any CPU
	EndGlobalSection
	GlobalSection(ProjectConfigurationPlatforms) = postSolution
		{11556CCC-642C-4157-B0E2-D73DEEDDB009}.Debug|Any CPU.ActiveCfg = Debug|Any CPU
		{11556CCC-642C-4157-B0E2-D73DEEDDB009}.Debug|Any CPU.Build.0 = Debug|Any CPU
		{11556CCC-642C-4157-B0E2-D73DEEDDB009}.Release|Any CPU.ActiveCfg = Release|Any CPU
		{11556CCC-642C-4157-B0E2-D73DEEDDB009}.Release|Any CPU.Build.0 = Release|Any CPU
	EndGlobalSection
	GlobalSection(SolutionProperties) = preSolution
		HideSolutionNode = FALSE
	EndGlobalSection
	GlobalSection(ExtensibilityGlobals) = postSolution
		SolutionGuid = {D189046C-4AD8-4E2B-A38F-BA006C203BBB}
	EndGlobalSection
EndGlobal
