
Microsoft Visual Studio Solution File, Format Version 12.00
# Visual Studio Version 17
VisualStudioVersion = 17.11.35222.181
MinimumVisualStudioVersion = 10.0.40219.1
Project("{FAE04EC0-301F-11D3-BF4B-00C04F79EFBC}") = "CASD_Task16", "CASD_Task16\CASD_Task16.csproj", "{5D23E4D3-6A0D-4000-B2BE-ABA59C688EA3}"
EndProject
Global
	GlobalSection(SolutionConfigurationPlatforms) = preSolution
		Debug|Any CPU = Debug|Any CPU
		Release|Any CPU = Release|Any CPU
	EndGlobalSection
	GlobalSection(ProjectConfigurationPlatforms) = postSolution
		{5D23E4D3-6A0D-4000-B2BE-ABA59C688EA3}.Debug|Any CPU.ActiveCfg = Debug|Any CPU
		{5D23E4D3-6A0D-4000-B2BE-ABA59C688EA3}.Debug|Any CPU.Build.0 = Debug|Any CPU
		{5D23E4D3-6A0D-4000-B2BE-ABA59C688EA3}.Release|Any CPU.ActiveCfg = Release|Any CPU
		{5D23E4D3-6A0D-4000-B2BE-ABA59C688EA3}.Release|Any CPU.Build.0 = Release|Any CPU
	EndGlobalSection
	GlobalSection(SolutionProperties) = preSolution
		HideSolutionNode = FALSE
	EndGlobalSection
	GlobalSection(ExtensibilityGlobals) = postSolution
		SolutionGuid = {B44706B6-23E3-43CB-84C9-CDC0A1F8D741}
	EndGlobalSection
EndGlobal
